hash: 787a5e012ebcf4cedada6a62f663598549a7ccbee80a1f9344b985fd17a08d03
updated: 2016-11-29T11:04:38.526901952+11:00
imports:
- name: .
  version: ""
- name: bazil.org/fuse
  version: 371fbbdaa8987b715bdd21d6adc4c9b20155f748
  subpackages:
  - fs
  - fuseutil
- name: github.com/coreos/go-systemd
  version: efa0506b99d3d9cfade280f5c7a1c1980d8c6c48
  subpackages:
  - journal
  - activation
  - util
- name: github.com/coreos/pkg
  version: 447b7ec906e523386d9c53be15b55a8ae86ea944
  subpackages:
  - dlopen
- name: github.com/docker/go-connections
  version: 4ccf312bf1d35e5dbda654e57a9be4c3f3cd0366
  subpackages:
  - sockets
- name: github.com/docker/go-plugins-helpers
  version: 77bfeec724ac5ae33f6a820c7ee6c98301b5a121
  subpackages:
  - volume
  - sdk
- name: github.com/fatih/structs
  version: dc3312cb1a4513a366c4c9e622ad55c32df12ed3
- name: github.com/fsnotify/fsnotify
  version: fd9ec7deca8bf46ecd2a795baaacf2b3a9be1197
- name: github.com/hashicorp/errwrap
  version: 7554cd9344cec97297fa6649b055a8c98c2a1e55
- name: github.com/hashicorp/go-cleanhttp
  version: ad28ea4487f05916463e2423a55166280e8254b5
- name: github.com/hashicorp/go-multierror
  version: 8484912a3b9987857bac52e0c5fec2b95f419628
- name: github.com/hashicorp/go-rootcerts
  version: 6bb64b370b90e7ef1fa532be9e591a81c3493e00
- name: github.com/hashicorp/hcl
  version: 7cb7455c285ca3bf3362aa4ba6a06a6d6f5c3ba0
  subpackages:
  - hcl/ast
  - hcl/parser
  - hcl/token
  - json/parser
  - hcl/scanner
  - hcl/strconv
  - json/scanner
  - json/token
- name: github.com/hashicorp/vault
  version: 4e4693e5deb3d16b6563fb559da500d124e70c71
  subpackages:
  - api
  - helper/jsonutil
  - helper/compressutil
- name: github.com/inconshreveable/mousetrap
  version: 76626ae9c91c4f2a10f34cad8ce83ea42c93bb75
- name: github.com/magiconair/properties
  version: 9c47895dc1ce54302908ab8a43385d1f5df2c11c
- name: github.com/Microsoft/go-winio
  version: 24a3e3d3fc7451805e09d11e11e95d9a0a4f205e
- name: github.com/mitchellh/go-homedir
  version: 756f7b183b7ab78acdbbee5c7f392838ed459dda
- name: github.com/mitchellh/mapstructure
  version: f3009df150dadf309fdee4a54ed65c124afad715
- name: github.com/opencontainers/runc
  version: f156f73c2aab1b735df23c9323c976ad5dca1d78
  subpackages:
  - libcontainer/user
- name: github.com/pelletier/go-buffruneio
  version: df1e16fde7fc330a0ca68167c23bf7ed6ac31d6d
- name: github.com/pelletier/go-toml
  version: 7cb988051d5045890cb91402a0b5fddc76c627bc
- name: github.com/rifflock/lfshook
  version: 3f9d976bd7402de39b46357069fb6325a974572e
- name: github.com/sethgrid/pester
  version: 2a102734c18c43c74fd0664e06cd414cf9602b93
- name: github.com/Sirupsen/logrus
  version: e400ff7861bce9661cf37c162ce3b7b303baf333
  subpackages:
  - hooks/syslog
- name: github.com/spf13/afero
  version: 06b7e5f50606ecd49148a01a6008942d9b669217
  subpackages:
  - mem
- name: github.com/spf13/cast
  version: 24b6558033ffe202bf42f0f3b870dcc798dd2ba8
- name: github.com/spf13/cobra
  version: 9495bc009a56819bdb0ddbc1a373e29c140bc674
- name: github.com/spf13/jwalterweatherman
  version: 33c24e77fb80341fe7130ee7c594256ff08ccc46
- name: github.com/spf13/pflag
  version: 5ccb023bc27df288a957c5e994cd44fd19619465
- name: github.com/spf13/viper
  version: 651d9d916abc3c3d6a91a12549495caba5edffd2
- name: github.com/wercker/journalhook
  version: 77fe873a00e76086d9bf745cfbaecce922ade9d6
- name: golang.org/x/net
  version: 4971afdc2f162e82d185353533d3cf16188a9f4e
  subpackages:
  - context
  - proxy
- name: golang.org/x/sys
  version: 30237cf4eefd639b184d1f2cb77a581ea0be8947
  subpackages:
  - unix
  - windows
- name: golang.org/x/text
  version: b01949dc0793a9af5e4cb3fce4d42999e76e8ca1
  subpackages:
  - transform
  - unicode/norm
- name: gopkg.in/yaml.v2
  version: a5b47d31c556af34a302ce5d659e6fea44d90de0
devImports: []
